
Microsoft Visual Studio Solution File, Format Version 12.00
# Visual Studio Version 17
VisualStudioVersion = 17.0.32112.339
MinimumVisualStudioVersion = 10.0.40219.1
Project("{FAE04EC0-301F-11D3-BF4B-00C04F79EFBC}") = "App1.Android", "App1\App1.Android\App1.Android.csproj", "{65A577FA-C657-443C-816F-9C89C16B73C2}"
EndProject
Project("{FAE04EC0-301F-11D3-BF4B-00C04F79EFBC}") = "App1.iOS", "App1\App1.iOS\App1.iOS.csproj", "{B8CDAB1C-5824-4D87-B5CA-30C3447DE7A3}"
EndProject
Project("{9A19103F-16F7-4668-BE54-9A1E7A4F7556}") = "App1", "App1\App1\App1.csproj", "{5EE1D667-6C79-4EED-A9C1-2D60ED21A179}"
EndProject
Global
	GlobalSection(SolutionConfigurationPlatforms) = preSolution
		Debug|Any CPU = Debug|Any CPU
		Debug|iPhone = Debug|iPhone
		Debug|iPhoneSimulator = Debug|iPhoneSimulator
		Release|Any CPU = Release|Any CPU
		Release|iPhone = Release|iPhone
		Release|iPhoneSimulator = Release|iPhoneSimulator
	EndGlobalSection
	GlobalSection(ProjectConfigurationPlatforms) = postSolution
		{65A577FA-C657-443C-816F-9C89C16B73C2}.Debug|Any CPU.ActiveCfg = Debug|Any CPU
		{65A577FA-C657-443C-816F-9C89C16B73C2}.Debug|Any CPU.Build.0 = Debug|Any CPU
		{65A577FA-C657-443C-816F-9C89C16B73C2}.Debug|Any CPU.Deploy.0 = Debug|Any CPU
		{65A577FA-C657-443C-816F-9C89C16B73C2}.Debug|iPhone.ActiveCfg = Debug|Any CPU
		{65A577FA-C657-443C-816F-9C89C16B73C2}.Debug|iPhone.Build.0 = Debug|Any CPU
		{65A577FA-C657-443C-816F-9C89C16B73C2}.Debug|iPhone.Deploy.0 = Debug|Any CPU
		{65A577FA-C657-443C-816F-9C89C16B73C2}.Debug|iPhoneSimulator.ActiveCfg = Debug|Any CPU
		{65A577FA-C657-443C-816F-9C89C16B73C2}.Debug|iPhoneSimulator.Build.0 = Debug|Any CPU
		{65A577FA-C657-443C-816F-9C89C16B73C2}.Debug|iPhoneSimulator.Deploy.0 = Debug|Any CPU
		{65A577FA-C657-443C-816F-9C89C16B73C2}.Release|Any CPU.ActiveCfg = Release|Any CPU
		{65A577FA-C657-443C-816F-9C89C16B73C2}.Release|Any CPU.Build.0 = Release|Any CPU
		{65A577FA-C657-443C-816F-9C89C16B73C2}.Release|Any CPU.Deploy.0 = Release|Any CPU
		{65A577FA-C657-443C-816F-9C89C16B73C2}.Release|iPhone.ActiveCfg = Release|Any CPU
		{65A577FA-C657-443C-816F-9C89C16B73C2}.Release|iPhone.Build.0 = Release|Any CPU
		{65A577FA-C657-443C-816F-9C89C16B73C2}.Release|iPhone.Deploy.0 = Release|Any CPU
		{65A577FA-C657-443C-816F-9C89C16B73C2}.Release|iPhoneSimulator.ActiveCfg = Release|Any CPU
		{65A577FA-C657-443C-816F-9C89C16B73C2}.Release|iPhoneSimulator.Build.0 = Release|Any CPU
		{65A577FA-C657-443C-816F-9C89C16B73C2}.Release|iPhoneSimulator.Deploy.0 = Release|Any CPU
		{B8CDAB1C-5824-4D87-B5CA-30C3447DE7A3}.Debug|Any CPU.ActiveCfg = Debug|iPhoneSimulator
		{B8CDAB1C-5824-4D87-B5CA-30C3447DE7A3}.Debug|Any CPU.Build.0 = Debug|iPhoneSimulator
		{B8CDAB1C-5824-4D87-B5CA-30C3447DE7A3}.Debug|iPhone.ActiveCfg = Debug|iPhone
		{B8CDAB1C-5824-4D87-B5CA-30C3447DE7A3}.Debug|iPhone.Build.0 = Debug|iPhone
		{B8CDAB1C-5824-4D87-B5CA-30C3447DE7A3}.Debug|iPhoneSimulator.ActiveCfg = Debug|iPhoneSimulator
		{B8CDAB1C-5824-4D87-B5CA-30C3447DE7A3}.Debug|iPhoneSimulator.Build.0 = Debug|iPhoneSimulator
		{B8CDAB1C-5824-4D87-B5CA-30C3447DE7A3}.Release|Any CPU.ActiveCfg = Release|iPhoneSimulator
		{B8CDAB1C-5824-4D87-B5CA-30C3447DE7A3}.Release|Any CPU.Build.0 = Release|iPhoneSimulator
		{B8CDAB1C-5824-4D87-B5CA-30C3447DE7A3}.Release|iPhone.ActiveCfg = Release|iPhone
		{B8CDAB1C-5824-4D87-B5CA-30C3447DE7A3}.Release|iPhone.Build.0 = Release|iPhone
		{B8CDAB1C-5824-4D87-B5CA-30C3447DE7A3}.Release|iPhoneSimulator.ActiveCfg = Release|iPhoneSimulator
		{B8CDAB1C-5824-4D87-B5CA-30C3447DE7A3}.Release|iPhoneSimulator.Build.0 = Release|iPhoneSimulator
		{5EE1D667-6C79-4EED-A9C1-2D60ED21A179}.Debug|Any CPU.ActiveCfg = Debug|Any CPU
		{5EE1D667-6C79-4EED-A9C1-2D60ED21A179}.Debug|Any CPU.Build.0 = Debug|Any CPU
		{5EE1D667-6C79-4EED-A9C1-2D60ED21A179}.Debug|iPhone.ActiveCfg = Debug|Any CPU
		{5EE1D667-6C79-4EED-A9C1-2D60ED21A179}.Debug|iPhone.Build.0 = Debug|Any CPU
		{5EE1D667-6C79-4EED-A9C1-2D60ED21A179}.Debug|iPhoneSimulator.ActiveCfg = Debug|Any CPU
		{5EE1D667-6C79-4EED-A9C1-2D60ED21A179}.Debug|iPhoneSimulator.Build.0 = Debug|Any CPU
		{5EE1D667-6C79-4EED-A9C1-2D60ED21A179}.Release|Any CPU.ActiveCfg = Release|Any CPU
		{5EE1D667-6C79-4EED-A9C1-2D60ED21A179}.Release|Any CPU.Build.0 = Release|Any CPU
		{5EE1D667-6C79-4EED-A9C1-2D60ED21A179}.Release|iPhone.ActiveCfg = Release|Any CPU
		{5EE1D667-6C79-4EED-A9C1-2D60ED21A179}.Release|iPhone.Build.0 = Release|Any CPU
		{5EE1D667-6C79-4EED-A9C1-2D60ED21A179}.Release|iPhoneSimulator.ActiveCfg = Release|Any CPU
		{5EE1D667-6C79-4EED-A9C1-2D60ED21A179}.Release|iPhoneSimulator.Build.0 = Release|Any CPU
	EndGlobalSection
	GlobalSection(SolutionProperties) = preSolution
		HideSolutionNode = FALSE
	EndGlobalSection
	GlobalSection(ExtensibilityGlobals) = postSolution
		SolutionGuid = {95D04ACC-5FE1-40F8-87CD-5E8C61A4F7BE}
	EndGlobalSection
EndGlobal
